
Microsoft Visual Studio Solution File, Format Version 12.00
# Visual Studio 2012
Project("{FAE04EC0-301F-11D3-BF4B-00C04F79EFBC}") = "ConsoleApplication2016.7.20", "ConsoleApplication2016.7.20\ConsoleApplication2016.7.20.csproj", "{BA5B06D1-898C-45C9-A3F5-D5B90BCECDD9}"
EndProject
Global
	GlobalSection(SolutionConfigurationPlatforms) = preSolution
		Debug|Any CPU = Debug|Any CPU
		Release|Any CPU = Release|Any CPU
	EndGlobalSection
	GlobalSection(ProjectConfigurationPlatforms) = postSolution
		{BA5B06D1-898C-45C9-A3F5-D5B90BCECDD9}.Debug|Any CPU.ActiveCfg = Debug|Any CPU
		{BA5B06D1-898C-45C9-A3F5-D5B90BCECDD9}.Debug|Any CPU.Build.0 = Debug|Any CPU
		{BA5B06D1-898C-45C9-A3F5-D5B90BCECDD9}.Release|Any CPU.ActiveCfg = Release|Any CPU
		{BA5B06D1-898C-45C9-A3F5-D5B90BCECDD9}.Release|Any CPU.Build.0 = Release|Any CPU
	EndGlobalSection
	GlobalSection(SolutionProperties) = preSolution
		HideSolutionNode = FALSE
	EndGlobalSection
EndGlobal
