
Microsoft Visual Studio Solution File, Format Version 12.00
# Visual Studio 2012
Project("{FAE04EC0-301F-11D3-BF4B-00C04F79EFBC}") = "ConsoleApplication2016.6.1", "ConsoleApplication2016.6.1\ConsoleApplication2016.6.1.csproj", "{CAB1AE6C-2475-4BB8-92B4-CA91271D8EF0}"
EndProject
Global
	GlobalSection(SolutionConfigurationPlatforms) = preSolution
		Debug|Any CPU = Debug|Any CPU
		Release|Any CPU = Release|Any CPU
	EndGlobalSection
	GlobalSection(ProjectConfigurationPlatforms) = postSolution
		{CAB1AE6C-2475-4BB8-92B4-CA91271D8EF0}.Debug|Any CPU.ActiveCfg = Debug|Any CPU
		{CAB1AE6C-2475-4BB8-92B4-CA91271D8EF0}.Debug|Any CPU.Build.0 = Debug|Any CPU
		{CAB1AE6C-2475-4BB8-92B4-CA91271D8EF0}.Release|Any CPU.ActiveCfg = Release|Any CPU
		{CAB1AE6C-2475-4BB8-92B4-CA91271D8EF0}.Release|Any CPU.Build.0 = Release|Any CPU
	EndGlobalSection
	GlobalSection(SolutionProperties) = preSolution
		HideSolutionNode = FALSE
	EndGlobalSection
EndGlobal
